
Microsoft Visual Studio Solution File, Format Version 12.00
# Visual Studio 2013
VisualStudioVersion = 12.0.21005.1
MinimumVisualStudioVersion = 10.0.40219.1
Project("{8BC9CEB8-8B4A-11D0-8D11-00A0C91BC942}") = "ConsoleSocketClient", "ConsoleSocketClient\ConsoleSocketClient.vcxproj", "{D47E000D-6222-4006-8C71-B64B54AC105B}"
EndProject
Global
	GlobalSection(SolutionConfigurationPlatforms) = preSolution
		Debug|Win32 = Debug|Win32
		Release|Win32 = Release|Win32
	EndGlobalSection
	GlobalSection(ProjectConfigurationPlatforms) = postSolution
		{D47E000D-6222-4006-8C71-B64B54AC105B}.Debug|Win32.ActiveCfg = Debug|Win32
		{D47E000D-6222-4006-8C71-B64B54AC105B}.Debug|Win32.Build.0 = Debug|Win32
		{D47E000D-6222-4006-8C71-B64B54AC105B}.Release|Win32.ActiveCfg = Release|Win32
		{D47E000D-6222-4006-8C71-B64B54AC105B}.Release|Win32.Build.0 = Release|Win32
	EndGlobalSection
	GlobalSection(SolutionProperties) = preSolution
		HideSolutionNode = FALSE
	EndGlobalSection
EndGlobal
